dependencies:
- name: postgresql
  repository: https://charts.bitnami.com/bitnami
  version: 15.5.24
- name: redis
  repository: https://charts.bitnami.com/bitnami
  version: 17.8.0
- name: cert-manager
  repository: https://charts.jetstack.io
  version: v1.10.1
digest: sha256:93196eab275694d9fd00865dcf2e1c57c1bdd8f1c5f63b91c6bfdb91a673fde2
generated: "2024-08-25T08:46:59.765985+05:30"
