dependencies:
- name: gateway-helm
  repository: oci://docker.io/envoyproxy
  version: 1.4.2
- name: postgresql
  repository: https://charts.bitnami.com/bitnami
  version: 16.4.14
- name: redis
  repository: https://charts.bitnami.com/bitnami
  version: 20.10.0
- name: cert-manager
  repository: https://charts.jetstack.io
  version: v1.17.1
digest: sha256:7c895f7346bf2e3e3513e15d32e72b9e5fd19f4144c537a479f1ff1d7c1aec4b
generated: "2025-07-24T14:48:47.148958+05:30"
