dependencies:
- name: gateway-helm
  repository: oci://docker.io/envoyproxy
  version: 1.3.2
- name: postgresql
  repository: https://charts.bitnami.com/bitnami
  version: 16.4.14
- name: redis
  repository: https://charts.bitnami.com/bitnami
  version: 20.10.0
- name: cert-manager
  repository: https://charts.jetstack.io
  version: v1.17.1
digest: sha256:a73f19f6e1fcae848e9d2b28f237ec0ab1ee955099cce0f77f00e8b46a2d6cea
generated: "2025-04-30T14:12:42.092429+05:30"
